# THIS IS AN AUTOGENERATED FILE. DO NOT EDIT THIS FILE DIRECTLY.
# yarn lockfile v1


permissionless@0.1.36:
  version "0.1.36"
  resolved "https://registry.yarnpkg.com/permissionless/-/permissionless-0.1.36.tgz#bab01978c9c8eac9aef74388fb633fb7efb6ad2c"
  integrity sha512-v+VMpkHX9wr13ZPV6nilwQ0yiFU1K4498j6ohmNzD2eLlP1R/FB77xQrbMkZo98ATYca2CYh2gcBYsxmOC3VmA==
